// !$*UTF8*$!
{
	archiveVersion = 1;
	classes = {
	};
	objectVersion = 50;
	objects = {

/* Begin PBXBuildFile section */
		DE3B7FBD2644151F00982A2C /* Network.swift in Sources */ = {isa = PBXBuildFile; fileRef = DE3B7FBC2644151F00982A2C /* Network.swift */; };
		DE7316A82634904100047D0E /* AppDelegate.swift in Sources */ = {isa = PBXBuildFile; fileRef = DE7316A72634904100047D0E /* AppDelegate.swift */; };
		DE7316AA2634904100047D0E /* SceneDelegate.swift in Sources */ = {isa = PBXBuildFile; fileRef = DE7316A92634904100047D0E /* SceneDelegate.swift */; };
		DE7316AC2634904100047D0E /* ViewController.swift in Sources */ = {isa = PBXBuildFile; fileRef = DE7316AB2634904100047D0E /* ViewController.swift */; };
		DE7316AF2634904100047D0E /* Main.storyboard in Resources */ = {isa = PBXBuildFile; fileRef = DE7316AD2634904100047D0E /* Main.storyboard */; };
		DE7316B12634904200047D0E /* Assets.xcassets in Resources */ = {isa = PBXBuildFile; fileRef = DE7316B02634904200047D0E /* Assets.xcassets */; };
		DE7316B42634904200047D0E /* LaunchScreen.storyboard in Resources */ = {isa = PBXBuildFile; fileRef = DE7316B22634904200047D0E /* LaunchScreen.storyboard */; };
		DE7316BF2634904200047D0E /* MVVMTests.swift in Sources */ = {isa = PBXBuildFile; fileRef = DE7316BE2634904200047D0E /* MVVMTests.swift */; };
		DE7316CA2634904200047D0E /* MVVMUITests.swift in Sources */ = {isa = PBXBuildFile; fileRef = DE7316C92634904200047D0E /* MVVMUITests.swift */; };
		DE7316DB2634918000047D0E /* ViewModel.swift in Sources */ = {isa = PBXBuildFile; fileRef = DE7316DA2634918000047D0E /* ViewModel.swift */; };
		DE7316E02634AF3500047D0E /* Todo.swift in Sources */ = {isa = PBXBuildFile; fileRef = DE7316DF2634AF3500047D0E /* Todo.swift */; };
		DE91F3DA263CD4F0008B9F97 /* ViewModelTests.swift in Sources */ = {isa = PBXBuildFile; fileRef = DE91F3D9263CD4F0008B9F97 /* ViewModelTests.swift */; };
/* End PBXBuildFile section */

/* Begin PBXContainerItemProxy section */
		DE7316BB2634904200047D0E /* PBXContainerItemProxy */ = {
			isa = PBXContainerItemProxy;
			containerPortal = DE73169C2634904100047D0E /* Project object */;
			proxyType = 1;
			remoteGlobalIDString = DE7316A32634904100047D0E;
			remoteInfo = MVVM;
		};
		DE7316C62634904200047D0E /* PBXContainerItemProxy */ = {
			isa = PBXContainerItemProxy;
			containerPortal = DE73169C2634904100047D0E /* Project object */;
			proxyType = 1;
			remoteGlobalIDString = DE7316A32634904100047D0E;
			remoteInfo = MVVM;
		};
/* End PBXContainerItemProxy section */

/* Begin PBXFileReference section */
		DE3B7FBC2644151F00982A2C /* Network.swift */ = {isa = PBXFileReference; lastKnownFileType = sourcecode.swift; path = Network.swift; sourceTree = "<group>"; };
		DE7316A42634904100047D0E /* MVVM.app */ = {isa = PBXFileReference; explicitFileType = wrapper.application; includeInIndex = 0; path = MVVM.app; sourceTree = BUILT_PRODUCTS_DIR; };
		DE7316A72634904100047D0E /* AppDelegate.swift */ = {isa = PBXFileReference; lastKnownFileType = sourcecode.swift; path = AppDelegate.swift; sourceTree = "<group>"; };
		DE7316A92634904100047D0E /* SceneDelegate.swift */ = {isa = PBXFileReference; lastKnownFileType = sourcecode.swift; path = SceneDelegate.swift; sourceTree = "<group>"; };
		DE7316AB2634904100047D0E /* ViewController.swift */ = {isa = PBXFileReference; lastKnownFileType = sourcecode.swift; path = ViewController.swift; sourceTree = "<group>"; };
		DE7316AE2634904100047D0E /* Base */ = {isa = PBXFileReference; lastKnownFileType = file.storyboard; name = Base; path = Base.lproj/Main.storyboard; sourceTree = "<group>"; };
		DE7316B02634904200047D0E /* Assets.xcassets */ = {isa = PBXFileReference; lastKnownFileType = folder.assetcatalog; path = Assets.xcassets; sourceTree = "<group>"; };
		DE7316B32634904200047D0E /* Base */ = {isa = PBXFileReference; lastKnownFileType = file.storyboard; name = Base; path = Base.lproj/LaunchScreen.storyboard; sourceTree = "<group>"; };
		DE7316B52634904200047D0E /* Info.plist */ = {isa = PBXFileReference; lastKnownFileType = text.plist.xml; path = Info.plist; sourceTree = "<group>"; };
		DE7316BA2634904200047D0E /* MVVMTests.xctest */ = {isa = PBXFileReference; explicitFileType = wrapper.cfbundle; includeInIndex = 0; path = MVVMTests.xctest; sourceTree = BUILT_PRODUCTS_DIR; };
		DE7316BE2634904200047D0E /* MVVMTests.swift */ = {isa = PBXFileReference; lastKnownFileType = sourcecode.swift; path = MVVMTests.swift; sourceTree = "<group>"; };
		DE7316C02634904200047D0E /* Info.plist */ = {isa = PBXFileReference; lastKnownFileType = text.plist.xml; path = Info.plist; sourceTree = "<group>"; };
		DE7316C52634904200047D0E /* MVVMUITests.xctest */ = {isa = PBXFileReference; explicitFileType = wrapper.cfbundle; includeInIndex = 0; path = MVVMUITests.xctest; sourceTree = BUILT_PRODUCTS_DIR; };
		DE7316C92634904200047D0E /* MVVMUITests.swift */ = {isa = PBXFileReference; lastKnownFileType = sourcecode.swift; path = MVVMUITests.swift; sourceTree = "<group>"; };
		DE7316CB2634904200047D0E /* Info.plist */ = {isa = PBXFileReference; lastKnownFileType = text.plist.xml; path = Info.plist; sourceTree = "<group>"; };
		DE7316DA2634918000047D0E /* ViewModel.swift */ = {isa = PBXFileReference; lastKnownFileType = sourcecode.swift; path = ViewModel.swift; sourceTree = "<group>"; };
		DE7316DF2634AF3500047D0E /* Todo.swift */ = {isa = PBXFileReference; lastKnownFileType = sourcecode.swift; path = Todo.swift; sourceTree = "<group>"; };
		DE91F3D9263CD4F0008B9F97 /* ViewModelTests.swift */ = {isa = PBXFileReference; lastKnownFileType = sourcecode.swift; path = ViewModelTests.swift; sourceTree = "<group>"; };
/* End PBXFileReference section */

/* Begin PBXFrameworksBuildPhase section */
		DE7316A12634904100047D0E /* Frameworks */ = {
			isa = PBXFrameworksBuildPhase;
			buildActionMask = 2147483647;
			files = (
			);
			runOnlyForDeploymentPostprocessing = 0;
		};
		DE7316B72634904200047D0E /* Frameworks */ = {
			isa = PBXFrameworksBuildPhase;
			buildActionMask = 2147483647;
			files = (
			);
			runOnlyForDeploymentPostprocessing = 0;
		};
		DE7316C22634904200047D0E /* Frameworks */ = {
			isa = PBXFrameworksBuildPhase;
			buildActionMask = 2147483647;
			files = (
			);
			runOnlyForDeploymentPostprocessing = 0;
		};
/* End PBXFrameworksBuildPhase section */

/* Begin PBXGroup section */
		DE73169B2634904100047D0E = {
			isa = PBXGroup;
			children = (
				DE7316A62634904100047D0E /* MVVM */,
				DE7316BD2634904200047D0E /* MVVMTests */,
				DE7316C82634904200047D0E /* MVVMUITests */,
				DE7316A52634904100047D0E /* Products */,
			);
			sourceTree = "<group>";
		};
		DE7316A52634904100047D0E /* Products */ = {
			isa = PBXGroup;
			children = (
				DE7316A42634904100047D0E /* MVVM.app */,
				DE7316BA2634904200047D0E /* MVVMTests.xctest */,
				DE7316C52634904200047D0E /* MVVMUITests.xctest */,
			);
			name = Products;
			sourceTree = "<group>";
		};
		DE7316A62634904100047D0E /* MVVM */ = {
			isa = PBXGroup;
			children = (
				DE7316A72634904100047D0E /* AppDelegate.swift */,
				DE7316A92634904100047D0E /* SceneDelegate.swift */,
				DE7316AB2634904100047D0E /* ViewController.swift */,
				DE7316DA2634918000047D0E /* ViewModel.swift */,
				DE91F3D9263CD4F0008B9F97 /* ViewModelTests.swift */,
				DE3B7FBC2644151F00982A2C /* Network.swift */,
				DE7316DF2634AF3500047D0E /* Todo.swift */,
				DE7316AD2634904100047D0E /* Main.storyboard */,
				DE7316B02634904200047D0E /* Assets.xcassets */,
				DE7316B22634904200047D0E /* LaunchScreen.storyboard */,
				DE7316B52634904200047D0E /* Info.plist */,
			);
			path = MVVM;
			sourceTree = "<group>";
		};
		DE7316BD2634904200047D0E /* MVVMTests */ = {
			isa = PBXGroup;
			children = (
				DE7316BE2634904200047D0E /* MVVMTests.swift */,
				DE7316C02634904200047D0E /* Info.plist */,
			);
			path = MVVMTests;
			sourceTree = "<group>";
		};
		DE7316C82634904200047D0E /* MVVMUITests */ = {
			isa = PBXGroup;
			children = (
				DE7316C92634904200047D0E /* MVVMUITests.swift */,
				DE7316CB2634904200047D0E /* Info.plist */,
			);
			path = MVVMUITests;
			sourceTree = "<group>";
		};
/* End PBXGroup section */

/* Begin PBXNativeTarget section */
		DE7316A32634904100047D0E /* MVVM */ = {
			isa = PBXNativeTarget;
			buildConfigurationList = DE7316CE2634904200047D0E /* Build configuration list for PBXNativeTarget "MVVM" */;
			buildPhases = (
				DE7316A02634904100047D0E /* Sources */,
				DE7316A12634904100047D0E /* Frameworks */,
				DE7316A22634904100047D0E /* Resources */,
			);
			buildRules = (
			);
			dependencies = (
			);
			name = MVVM;
			productName = MVVM;
			productReference = DE7316A42634904100047D0E /* MVVM.app */;
			productType = "com.apple.product-type.application";
		};
		DE7316B92634904200047D0E /* MVVMTests */ = {
			isa = PBXNativeTarget;
			buildConfigurationList = DE7316D12634904200047D0E /* Build configuration list for PBXNativeTarget "MVVMTests" */;
			buildPhases = (
				DE7316B62634904200047D0E /* Sources */,
				DE7316B72634904200047D0E /* Frameworks */,
				DE7316B82634904200047D0E /* Resources */,
			);
			buildRules = (
			);
			dependencies = (
				DE7316BC2634904200047D0E /* PBXTargetDependency */,
			);
			name = MVVMTests;
			productName = MVVMTests;
			productReference = DE7316BA2634904200047D0E /* MVVMTests.xctest */;
			productType = "com.apple.product-type.bundle.unit-test";
		};
		DE7316C42634904200047D0E /* MVVMUITests */ = {
			isa = PBXNativeTarget;
			buildConfigurationList = DE7316D42634904200047D0E /* Build configuration list for PBXNativeTarget "MVVMUITests" */;
			buildPhases = (
				DE7316C12634904200047D0E /* Sources */,
				DE7316C22634904200047D0E /* Frameworks */,
				DE7316C32634904200047D0E /* Resources */,
			);
			buildRules = (
			);
			dependencies = (
				DE7316C72634904200047D0E /* PBXTargetDependency */,
			);
			name = MVVMUITests;
			productName = MVVMUITests;
			productReference = DE7316C52634904200047D0E /* MVVMUITests.xctest */;
			productType = "com.apple.product-type.bundle.ui-testing";
		};
/* End PBXNativeTarget section */

/* Begin PBXProject section */
		DE73169C2634904100047D0E /* Project object */ = {
			isa = PBXProject;
			attributes = {
				LastSwiftUpdateCheck = 1240;
				LastUpgradeCheck = 1240;
				TargetAttributes = {
					DE7316A32634904100047D0E = {
						CreatedOnToolsVersion = 12.4;
					};
					DE7316B92634904200047D0E = {
						CreatedOnToolsVersion = 12.4;
						TestTargetID = DE7316A32634904100047D0E;
					};
					DE7316C42634904200047D0E = {
						CreatedOnToolsVersion = 12.4;
						TestTargetID = DE7316A32634904100047D0E;
					};
				};
			};
			buildConfigurationList = DE73169F2634904100047D0E /* Build configuration list for PBXProject "MVVM" */;
			compatibilityVersion = "Xcode 9.3";
			developmentRegion = en;
			hasScannedForEncodings = 0;
			knownRegions = (
				en,
				Base,
			);
			mainGroup = DE73169B2634904100047D0E;
			productRefGroup = DE7316A52634904100047D0E /* Products */;
			projectDirPath = "";
			projectRoot = "";
			targets = (
				DE7316A32634904100047D0E /* MVVM */,
				DE7316B92634904200047D0E /* MVVMTests */,
				DE7316C42634904200047D0E /* MVVMUITests */,
			);
		};
/* End PBXProject section */

/* Begin PBXResourcesBuildPhase section */
		DE7316A22634904100047D0E /* Resources */ = {
			isa = PBXResourcesBuildPhase;
			buildActionMask = 2147483647;
			files = (
				DE7316B42634904200047D0E /* LaunchScreen.storyboard in Resources */,
				DE7316B12634904200047D0E /* Assets.xcassets in Resources */,
				DE7316AF2634904100047D0E /* Main.storyboard in Resources */,
			);
			runOnlyForDeploymentPostprocessing = 0;
		};
		DE7316B82634904200047D0E /* Resources */ = {
			isa = PBXResourcesBuildPhase;
			buildActionMask = 2147483647;
			files = (
			);
			runOnlyForDeploymentPostprocessing = 0;
		};
		DE7316C32634904200047D0E /* Resources */ = {
			isa = PBXResourcesBuildPhase;
			buildActionMask = 2147483647;
			files = (
			);
			runOnlyForDeploymentPostprocessing = 0;
		};
/* End PBXResourcesBuildPhase section */

/* Begin PBXSourcesBuildPhase section */
		DE7316A02634904100047D0E /* Sources */ = {
			isa = PBXSourcesBuildPhase;
			buildActionMask = 2147483647;
			files = (
				DE7316AC2634904100047D0E /* ViewController.swift in Sources */,
				DE7316A82634904100047D0E /* AppDelegate.swift in Sources */,
				DE3B7FBD2644151F00982A2C /* Network.swift in Sources */,
				DE7316DB2634918000047D0E /* ViewModel.swift in Sources */,
				DE7316AA2634904100047D0E /* SceneDelegate.swift in Sources */,
				DE7316E02634AF3500047D0E /* Todo.swift in Sources */,
			);
			runOnlyForDeploymentPostprocessing = 0;
		};
		DE7316B62634904200047D0E /* Sources */ = {
			isa = PBXSourcesBuildPhase;
			buildActionMask = 2147483647;
			files = (
				DE91F3DA263CD4F0008B9F97 /* ViewModelTests.swift in Sources */,
				DE7316BF2634904200047D0E /* MVVMTests.swift in Sources */,
			);
			runOnlyForDeploymentPostprocessing = 0;
		};
		DE7316C12634904200047D0E /* Sources */ = {
			isa = PBXSourcesBuildPhase;
			buildActionMask = 2147483647;
			files = (
				DE7316CA2634904200047D0E /* MVVMUITests.swift in Sources */,
			);
			runOnlyForDeploymentPostprocessing = 0;
		};
/* End PBXSourcesBuildPhase section */

/* Begin PBXTargetDependency section */
		DE7316BC2634904200047D0E /* PBXTargetDependency */ = {
			isa = PBXTargetDependency;
			target = DE7316A32634904100047D0E /* MVVM */;
			targetProxy = DE7316BB2634904200047D0E /* PBXContainerItemProxy */;
		};
		DE7316C72634904200047D0E /* PBXTargetDependency */ = {
			isa = PBXTargetDependency;
			target = DE7316A32634904100047D0E /* MVVM */;
			targetProxy = DE7316C62634904200047D0E /* PBXContainerItemProxy */;
		};
/* End PBXTargetDependency section */

/* Begin PBXVariantGroup section */
		DE7316AD2634904100047D0E /* Main.storyboard */ = {
			isa = PBXVariantGroup;
			children = (
				DE7316AE2634904100047D0E /* Base */,
			);
			name = Main.storyboard;
			sourceTree = "<group>";
		};
		DE7316B22634904200047D0E /* LaunchScreen.storyboard */ = {
			isa = PBXVariantGroup;
			children = (
				DE7316B32634904200047D0E /* Base */,
			);
			name = LaunchScreen.storyboard;
			sourceTree = "<group>";
		};
/* End PBXVariantGroup section */

/* Begin XCBuildConfiguration section */
		DE7316CC2634904200047D0E /* Debug */ = {
			isa = XCBuildConfiguration;
			buildSettings = {
				ALWAYS_SEARCH_USER_PATHS = NO;
				CLANG_ANALYZER_NONNULL = YES;
				CLANG_ANALYZER_NUMBER_OBJECT_CONVERSION = YES_AGGRESSIVE;
				CLANG_CXX_LANGUAGE_STANDARD = "gnu++14";
				CLANG_CXX_LIBRARY = "libc++";
				CLANG_ENABLE_MODULES = YES;
				CLANG_ENABLE_OBJC_ARC = YES;
				CLANG_ENABLE_OBJC_WEAK = YES;
				CLANG_WARN_BLOCK_CAPTURE_AUTORELEASING = YES;
				CLANG_WARN_BOOL_CONVERSION = YES;
				CLANG_WARN_COMMA = YES;
				CLANG_WARN_CONSTANT_CONVERSION = YES;
				CLANG_WARN_DEPRECATED_OBJC_IMPLEMENTATIONS = YES;
				CLANG_WARN_DIRECT_OBJC_ISA_USAGE = YES_ERROR;
				CLANG_WARN_DOCUMENTATION_COMMENTS = YES;
				CLANG_WARN_EMPTY_BODY = YES;
				CLANG_WARN_ENUM_CONVERSION = YES;
				CLANG_WARN_INFINITE_RECURSION = YES;
				CLANG_WARN_INT_CONVERSION = YES;
				CLANG_WARN_NON_LITERAL_NULL_CONVERSION = YES;
				CLANG_WARN_OBJC_IMPLICIT_RETAIN_SELF = YES;
				CLANG_WARN_OBJC_LITERAL_CONVERSION = YES;
				CLANG_WARN_OBJC_ROOT_CLASS = YES_ERROR;
				CLANG_WARN_QUOTED_INCLUDE_IN_FRAMEWORK_HEADER = YES;
				CLANG_WARN_RANGE_LOOP_ANALYSIS = YES;
				CLANG_WARN_STRICT_PROTOTYPES = YES;
				CLANG_WARN_SUSPICIOUS_MOVE = YES;
				CLANG_WARN_UNGUARDED_AVAILABILITY = YES_AGGRESSIVE;
				CLANG_WARN_UNREACHABLE_CODE = YES;
				CLANG_WARN__DUPLICATE_METHOD_MATCH = YES;
				COPY_PHASE_STRIP = NO;
				DEBUG_INFORMATION_FORMAT = dwarf;
				ENABLE_STRICT_OBJC_MSGSEND = YES;
				ENABLE_TESTABILITY = YES;
				GCC_C_LANGUAGE_STANDARD = gnu11;
				GCC_DYNAMIC_NO_PIC = NO;
				GCC_NO_COMMON_BLOCKS = YES;
				GCC_OPTIMIZATION_LEVEL = 0;
				GCC_PREPROCESSOR_DEFINITIONS = (
					"DEBUG=1",
					"$(inherited)",
				);
				GCC_WARN_64_TO_32_BIT_CONVERSION = YES;
				GCC_WARN_ABOUT_RETURN_TYPE = YES_ERROR;
				GCC_WARN_UNDECLARED_SELECTOR = YES;
				GCC_WARN_UNINITIALIZED_AUTOS = YES_AGGRESSIVE;
				GCC_WARN_UNUSED_FUNCTION = YES;
				GCC_WARN_UNUSED_VARIABLE = YES;
				IPHONEOS_DEPLOYMENT_TARGET = 14.4;
				MTL_ENABLE_DEBUG_INFO = INCLUDE_SOURCE;
				MTL_FAST_MATH = YES;
				ONLY_ACTIVE_ARCH = YES;
				SDKROOT = iphoneos;
				SWIFT_ACTIVE_COMPILATION_CONDITIONS = DEBUG;
				SWIFT_OPTIMIZATION_LEVEL = "-Onone";
			};
			name = Debug;
		};
		DE7316CD2634904200047D0E /* Release */ = {
			isa = XCBuildConfiguration;
			buildSettings = {
				ALWAYS_SEARCH_USER_PATHS = NO;
				CLANG_ANALYZER_NONNULL = YES;
				CLANG_ANALYZER_NUMBER_OBJECT_CONVERSION = YES_AGGRESSIVE;
				CLANG_CXX_LANGUAGE_STANDARD = "gnu++14";
				CLANG_CXX_LIBRARY = "libc++";
				CLANG_ENABLE_MODULES = YES;
				CLANG_ENABLE_OBJC_ARC = YES;
				CLANG_ENABLE_OBJC_WEAK = YES;
				CLANG_WARN_BLOCK_CAPTURE_AUTORELEASING = YES;
				CLANG_WARN_BOOL_CONVERSION = YES;
				CLANG_WARN_COMMA = YES;
				CLANG_WARN_CONSTANT_CONVERSION = YES;
				CLANG_WARN_DEPRECATED_OBJC_IMPLEMENTATIONS = YES;
				CLANG_WARN_DIRECT_OBJC_ISA_USAGE = YES_ERROR;
				CLANG_WARN_DOCUMENTATION_COMMENTS = YES;
				CLANG_WARN_EMPTY_BODY = YES;
				CLANG_WARN_ENUM_CONVERSION = YES;
				CLANG_WARN_INFINITE_RECURSION = YES;
				CLANG_WARN_INT_CONVERSION = YES;
				CLANG_WARN_NON_LITERAL_NULL_CONVERSION = YES;
				CLANG_WARN_OBJC_IMPLICIT_RETAIN_SELF = YES;
				CLANG_WARN_OBJC_LITERAL_CONVERSION = YES;
				CLANG_WARN_OBJC_ROOT_CLASS = YES_ERROR;
				CLANG_WARN_QUOTED_INCLUDE_IN_FRAMEWORK_HEADER = YES;
				CLANG_WARN_RANGE_LOOP_ANALYSIS = YES;
				CLANG_WARN_STRICT_PROTOTYPES = YES;
				CLANG_WARN_SUSPICIOUS_MOVE = YES;
				CLANG_WARN_UNGUARDED_AVAILABILITY = YES_AGGRESSIVE;
				CLANG_WARN_UNREACHABLE_CODE = YES;
				CLANG_WARN__DUPLICATE_METHOD_MATCH = YES;
				COPY_PHASE_STRIP = NO;
				DEBUG_INFORMATION_FORMAT = "dwarf-with-dsym";
				ENABLE_NS_ASSERTIONS = NO;
				ENABLE_STRICT_OBJC_MSGSEND = YES;
				GCC_C_LANGUAGE_STANDARD = gnu11;
				GCC_NO_COMMON_BLOCKS = YES;
				GCC_WARN_64_TO_32_BIT_CONVERSION = YES;
				GCC_WARN_ABOUT_RETURN_TYPE = YES_ERROR;
				GCC_WARN_UNDECLARED_SELECTOR = YES;
				GCC_WARN_UNINITIALIZED_AUTOS = YES_AGGRESSIVE;
				GCC_WARN_UNUSED_FUNCTION = YES;
				GCC_WARN_UNUSED_VARIABLE = YES;
				IPHONEOS_DEPLOYMENT_TARGET = 14.4;
				MTL_ENABLE_DEBUG_INFO = NO;
				MTL_FAST_MATH = YES;
				SDKROOT = iphoneos;
				SWIFT_COMPILATION_MODE = wholemodule;
				SWIFT_OPTIMIZATION_LEVEL = "-O";
				VALIDATE_PRODUCT = YES;
			};
			name = Release;
		};
		DE7316CF2634904200047D0E /* Debug */ = {
			isa = XCBuildConfiguration;
			buildSettings = {
				ASSETCATALOG_COMPILER_APPICON_NAME = AppIcon;
				ASSETCATALOG_COMPILER_GLOBAL_ACCENT_COLOR_NAME = AccentColor;
				CODE_SIGN_STYLE = Automatic;
				DEVELOPMENT_TEAM = 2J5FHX4NA9;
				INFOPLIST_FILE = MVVM/Info.plist;
				LD_RUNPATH_SEARCH_PATHS = (
					"$(inherited)",
					"@executable_path/Frameworks",
				);
				PRODUCT_BUNDLE_IDENTIFIER = com.karnett.MVVM;
				PRODUCT_NAME = "$(TARGET_NAME)";
				SWIFT_VERSION = 5.0;
				TARGETED_DEVICE_FAMILY = "1,2";
			};
			name = Debug;
		};
		DE7316D02634904200047D0E /* Release */ = {
			isa = XCBuildConfiguration;
			buildSettings = {
				ASSETCATALOG_COMPILER_APPICON_NAME = AppIcon;
				ASSETCATALOG_COMPILER_GLOBAL_ACCENT_COLOR_NAME = AccentColor;
				CODE_SIGN_STYLE = Automatic;
				DEVELOPMENT_TEAM = 2J5FHX4NA9;
				INFOPLIST_FILE = MVVM/Info.plist;
				LD_RUNPATH_SEARCH_PATHS = (
					"$(inherited)",
					"@executable_path/Frameworks",
				);
				PRODUCT_BUNDLE_IDENTIFIER = com.karnett.MVVM;
				PRODUCT_NAME = "$(TARGET_NAME)";
				SWIFT_VERSION = 5.0;
				TARGETED_DEVICE_FAMILY = "1,2";
			};
			name = Release;
		};
		DE7316D22634904200047D0E /* Debug */ = {
			isa = XCBuildConfiguration;
			buildSettings = {
				ALWAYS_EMBED_SWIFT_STANDARD_LIBRARIES = YES;
				BUNDLE_LOADER = "$(TEST_HOST)";
				CODE_SIGN_STYLE = Automatic;
				DEVELOPMENT_TEAM = 2J5FHX4NA9;
				INFOPLIST_FILE = MVVMTests/Info.plist;
				IPHONEOS_DEPLOYMENT_TARGET = 14.4;
				LD_RUNPATH_SEARCH_PATHS = (
					"$(inherited)",
					"@executable_path/Frameworks",
					"@loader_path/Frameworks",
				);
				PRODUCT_BUNDLE_IDENTIFIER = com.karnett.MVVMTests;
				PRODUCT_NAME = "$(TARGET_NAME)";
				SWIFT_VERSION = 5.0;
				TARGETED_DEVICE_FAMILY = "1,2";
				TEST_HOST = "$(BUILT_PRODUCTS_DIR)/MVVM.app/MVVM";
			};
			name = Debug;
		};
		DE7316D32634904200047D0E /* Release */ = {
			isa = XCBuildConfiguration;
			buildSettings = {
				ALWAYS_EMBED_SWIFT_STANDARD_LIBRARIES = YES;
				BUNDLE_LOADER = "$(TEST_HOST)";
				CODE_SIGN_STYLE = Automatic;
				DEVELOPMENT_TEAM = 2J5FHX4NA9;
				INFOPLIST_FILE = MVVMTests/Info.plist;
				IPHONEOS_DEPLOYMENT_TARGET = 14.4;
				LD_RUNPATH_SEARCH_PATHS = (
					"$(inherited)",
					"@executable_path/Frameworks",
					"@loader_path/Frameworks",
				);
				PRODUCT_BUNDLE_IDENTIFIER = com.karnett.MVVMTests;
				PRODUCT_NAME = "$(TARGET_NAME)";
				SWIFT_VERSION = 5.0;
				TARGETED_DEVICE_FAMILY = "1,2";
				TEST_HOST = "$(BUILT_PRODUCTS_DIR)/MVVM.app/MVVM";
			};
			name = Release;
		};
		DE7316D52634904200047D0E /* Debug */ = {
			isa = XCBuildConfiguration;
			buildSettings = {
				ALWAYS_EMBED_SWIFT_STANDARD_LIBRARIES = YES;
				CODE_SIGN_STYLE = Automatic;
				DEVELOPMENT_TEAM = 2J5FHX4NA9;
				INFOPLIST_FILE = MVVMUITests/Info.plist;
				LD_RUNPATH_SEARCH_PATHS = (
					"$(inherited)",
					"@executable_path/Frameworks",
					"@loader_path/Frameworks",
				);
				PRODUCT_BUNDLE_IDENTIFIER = com.karnett.MVVMUITests;
				PRODUCT_NAME = "$(TARGET_NAME)";
				SWIFT_VERSION = 5.0;
				TARGETED_DEVICE_FAMILY = "1,2";
				TEST_TARGET_NAME = MVVM;
			};
			name = Debug;
		};
		DE7316D62634904200047D0E /* Release */ = {
			isa = XCBuildConfiguration;
			buildSettings = {
				ALWAYS_EMBED_SWIFT_STANDARD_LIBRARIES = YES;
				CODE_SIGN_STYLE = Automatic;
				DEVELOPMENT_TEAM = 2J5FHX4NA9;
				INFOPLIST_FILE = MVVMUITests/Info.plist;
				LD_RUNPATH_SEARCH_PATHS = (
					"$(inherited)",
					"@executable_path/Frameworks",
					"@loader_path/Frameworks",
				);
				PRODUCT_BUNDLE_IDENTIFIER = com.karnett.MVVMUITests;
				PRODUCT_NAME = "$(TARGET_NAME)";
				SWIFT_VERSION = 5.0;
				TARGETED_DEVICE_FAMILY = "1,2";
				TEST_TARGET_NAME = MVVM;
			};
			name = Release;
		};
/* End XCBuildConfiguration section */

/* Begin XCConfigurationList section */
		DE73169F2634904100047D0E /* Build configuration list for PBXProject "MVVM" */ = {
			isa = XCConfigurationList;
			buildConfigurations = (
				DE7316CC2634904200047D0E /* Debug */,
				DE7316CD2634904200047D0E /* Release */,
			);
			defaultConfigurationIsVisible = 0;
			defaultConfigurationName = Release;
		};
		DE7316CE2634904200047D0E /* Build configuration list for PBXNativeTarget "MVVM" */ = {
			isa = XCConfigurationList;
			buildConfigurations = (
				DE7316CF2634904200047D0E /* Debug */,
				DE7316D02634904200047D0E /* Release */,
			);
			defaultConfigurationIsVisible = 0;
			defaultConfigurationName = Release;
		};
		DE7316D12634904200047D0E /* Build configuration list for PBXNativeTarget "MVVMTests" */ = {
			isa = XCConfigurationList;
			buildConfigurations = (
				DE7316D22634904200047D0E /* Debug */,
				DE7316D32634904200047D0E /* Release */,
			);
			defaultConfigurationIsVisible = 0;
			defaultConfigurationName = Release;
		};
		DE7316D42634904200047D0E /* Build configuration list for PBXNativeTarget "MVVMUITests" */ = {
			isa = XCConfigurationList;
			buildConfigurations = (
				DE7316D52634904200047D0E /* Debug */,
				DE7316D62634904200047D0E /* Release */,
			);
			defaultConfigurationIsVisible = 0;
			defaultConfigurationName = Release;
		};
/* End XCConfigurationList section */
	};
	rootObject = DE73169C2634904100047D0E /* Project object */;
}
